version = 1
revision = 3
requires-python = ">=3.11, <3.14"

[[package]]
name = "altgraph"
version = "0.17.5"
source = { registry = "https://pypi.org/simple" }
sdist = { url = "https://files.pythonhosted.org/packages/7e/f8/97fdf103f38fed6792a1601dbc16cc8aac56e7459a9fff08c812d8ae177a/altgraph-0.17.5.tar.gz", hash = "sha256:c87b395dd12fabde9c99573a9749d67da8d29ef9de0125c7f536699b4a9bc9e7", size = 48428, upload-time = "2025-11-21T20:35:50.583Z" }
wheels = [
    { url = "https://files.pythonhosted.org/packages/a9/ba/000a1996d4308bc65120167c21241a3b205464a2e0b58deda26ae8ac21d1/altgraph-0.17.5-py2.py3-none-any.whl", hash = "sha256:f3a22400bce1b0c701683820ac4f3b159cd301acab067c51c653e06961600597", size = 21228, upload-time = "2025-11-21T20:35:49.444Z" },
]

[[package]]
name = "colorama"
version = "0.4.6"
source = { registry = "https://pypi.org/simple" }
sdist = { url = "https://files.pythonhosted.org/packages/d8/53/6f443c9a4a8358a93a6792e2acffb9d9d5cb0a5cfd8802644b7b1c9a02e4/colorama-0.4.6.tar.gz", hash = "sha256:08695f5cb7ed6e0531a20572697297273c47b8cae5a63ffc6d6ed5c201be6e44", size = 27697, upload-time = "2022-10-25T02:36:22.414Z" }
wheels = [
    { url = "https://files.pythonhosted.org/packages/d1/d6/3965ed04c63042e047cb6a3e6ed1a63a35087b6a609aa3a15ed8ac56c221/colorama-0.4.6-py2.py3-none-any.whl", hash = "sha256:4f1d9991f5acc0ca119f9d443620b77f9d6b33703e51011c16baf57afb285fc6", size = 25335, upload-time = "2022-10-25T02:36:20.889Z" },
]

[[package]]
name = "iniconfig"
version = "2.3.0"
source = { registry = "https://pypi.org/simple" }
sdist = { url = "https://files.pythonhosted.org/packages/72/34/14ca021ce8e5dfedc35312d08ba8bf51fdd999c576889fc2c24cb97f4f10/iniconfig-2.3.0.tar.gz", hash = "sha256:c76315c77db068650d49c5b56314774a7804df16fee4402c1f19d6d15d8c4730", size = 20503, upload-time = "2025-10-18T21:55:43.219Z" }
wheels = [
    { url = "https://files.pythonhosted.org/packages/cb/b1/3846dd7f199d53cb17f49cba7e651e9ce294d8497c8c150530ed11865bb8/iniconfig-2.3.0-py3-none-any.whl", hash = "sha256:f631c04d2c48c52b84d0d0549c99ff3859c98df65b3101406327ecc7d53fbf12", size = 7484, upload-time = "2025-10-18T21:55:41.639Z" },
]

[[package]]
name = "libtorrent"
version = "2.0.13"
source = { registry = "https://pypi.org/simple" }
wheels = [
    { url = "https://files.pythonhosted.org/packages/c5/44/e6e8aeb0de8714761da2dcef740800b4d810024ca4ddf033603ea6a34f73/libtorrent-2.0.13-cp311-cp311-macosx_14_0_arm64.whl", hash = "sha256:98cb23511448b171e27e9f543653dfb22b5e6720d4a9e30b30bde344bb391cfa", size = 5868657, upload-time = "2026-06-08T21:16:19.242Z" },
    { url = "https://files.pythonhosted.org/packages/e5/a0/cf300e30f9f0586937fc68def079263348cfb24a279dc5fbf2ff29adc6c1/libtorrent-2.0.13-cp311-cp311-macosx_15_0_arm64.whl", hash = "sha256:d05baeb2cc9d49c5c68427e2e1be1359d34120c8d6501b97a40171a40ae225bf", size = 5849645, upload-time = "2026-06-08T21:16:20.721Z" },
    { url = "https://files.pythonhosted.org/packages/41/72/49769cc7055b9b1eaf8a5b458680890b5293bfadb544da91ecb0d94bf56e/libtorrent-2.0.13-cp311-cp311-macosx_15_0_x86_64.whl", hash = "sha256:36ef90c3e0deb1679b2eeefe11b198445f37766be56b556d2062d582d810e602", size = 5751940, upload-time = "2026-06-08T21:16:22.406Z" },
    { url = "https://files.pythonhosted.org/packages/7d/08/05aaad3ea5f79b7b7fc5bbc42da2dac2d6724c773b78785b53ea028f6bfd/libtorrent-2.0.13-cp311-cp311-manylinux_2_17_aarch64.manylinux2014_aarch64.whl", hash = "sha256:1b19cd84aeae7765d7d22055d2d713e7116bb3a03bff83b75adfc236a6dcea12", size = 6513750, upload-time = "2026-06-08T21:16:24.022Z" },
    { url = "https://files.pythonhosted.org/packages/82/9e/7db113d5f5771f21d55698791a98785762d7f2907036dddef8906eba3cb3/libtorrent-2.0.13-cp311-cp311-manylinux_2_17_x86_64.manylinux2014_x86_64.whl", hash = "sha256:bd18c335b47dad84a0d1a7afe08f672c5b5aedc76e29585eefc686738b5d0d59", size = 6252985, upload-time = "2026-06-08T21:16:25.598Z" },
    { url = "https://files.pythonhosted.org/packages/a8/15/c7a6ee1402590de0dbb55883f494e41cac8cef77fcaa7460c292f4c4fb16/libtorrent-2.0.13-cp311-cp311-musllinux_1_2_aarch64.whl", hash = "sha256:fb0ec9e6363449e5cb9c484ebdfa2332afb9976ce802adecd5c326422d0e54bb", size = 12165120, upload-time = "2026-06-08T21:16:27.382Z" },
    { url = "https://files.pythonhosted.org/packages/b1/25/b5bda49c4ed409ec01c08b586dae98f9cb022e2c4042f1133ef0a81fa58f/libtorrent-2.0.13-cp311-cp311-musllinux_1_2_x86_64.whl", hash = "sha256:6f8b191ffbf6387bfbd6292165d3e6534401716c0ee26307b0b38d6a73634d8a", size = 12202565, upload-time = "2026-06-08T21:16:30.152Z" },
    { url = "https://files.pythonhosted.org/packages/d4/e2/a841b576b23624cea85d7cc24521712ca0f880fe35232a40efc91d08bdae/libtorrent-2.0.13-cp311-cp311-win32.whl", hash = "sha256:e2e9b993e23677b7327779cde1918243dc6ebfa2971f2e8a8fc71066673280df", size = 3382666, upload-time = "2026-06-08T21:16:31.999Z" },
    { url = "https://files.pythonhosted.org/packages/8e/e3/b6ee847f61a60a31da6423f4054899a523bb9fa247ada9bef155beeaf927/libtorrent-2.0.13-cp311-cp311-win_amd64.whl", hash = "sha256:b8351c320e6f196bdb16e9db354b3ae9c40d0edc8a183600058fd7f23e145e12", size = 3990574, upload-time = "2026-06-08T21:16:33.426Z" },
    { url = "https://files.pythonhosted.org/packages/c0/b4/8b7f1df6626ec1166445e99369f932170edc7e62503753a04af955ff5c9b/libtorrent-2.0.13-cp312-cp312-macosx_14_0_arm64.whl", hash = "sha256:204aa2848cea4e61ae16754ce1c110e658270d7251affe19ed3e05b60854a3cd", size = 5873413, upload-time = "2026-06-08T21:16:34.972Z" },
    { url = "https://files.pythonhosted.org/packages/c4/a9/db47e81b1345de0889306ca4dcf378de9c0bb72cd4d2682dc80cee3b169e/libtorrent-2.0.13-cp312-cp312-macosx_15_0_arm64.whl", hash = "sha256:a596bf7cd29ce796d494e2c85f1ace0c17352a893d44ade9b151cacea2914a88", size = 5855727, upload-time = "2026-06-08T21:16:36.443Z" },
    { url = "https://files.pythonhosted.org/packages/d1/80/94303ea0d984fd171ec8675af32b9aa8a1d33547ec118756c42e19f5aa6a/libtorrent-2.0.13-cp312-cp312-macosx_15_0_x86_64.whl", hash = "sha256:e6a4d62c6dd59d7c1122da478c38db74de288524b2645d98b7c5f38b90eeda2d", size = 5764322, upload-time = "2026-06-08T21:16:37.832Z" },
    { url = "https://files.pythonhosted.org/packages/bf/83/da18cbb881cadeeb4e8ad4456ebdb16480ec93c9c5cd85eca5ac2881fe11/libtorrent-2.0.13-cp312-cp312-manylinux_2_17_aarch64.manylinux2014_aarch64.whl", hash = "sha256:7906dc5eca48b8fb508711f8acf552523ca1985abafa35de626e4227e6001c4e", size = 6502343, upload-time = "2026-06-08T21:16:39.264Z" },
    { url = "https://files.pythonhosted.org/packages/2c/e9/70cdb9c2da61252cf5fad8ab36165887835c4f6a112c1a9647d8d4e0c91d/libtorrent-2.0.13-cp312-cp312-manylinux_2_17_x86_64.manylinux2014_x86_64.whl", hash = "sha256:68b5c849f54b18d9be8d186d9c84e29b0c2927664ad19353742c10373a12ca9e", size = 6251517, upload-time = "2026-06-08T21:16:41.061Z" },
    { url = "https://files.pythonhosted.org/packages/13/2a/7d5b279e8ec117b1f25dd95b5053e39662bdc1f1c2e44060e919a25947ef/libtorrent-2.0.13-cp312-cp312-musllinux_1_2_aarch64.whl", hash = "sha256:a23bfae6cefe6aec32d419f9646c2af983a6d5129578c16b3409ad717ed52148", size = 12154516, upload-time = "2026-06-08T21:16:42.876Z" },
    { url = "https://files.pythonhosted.org/packages/f1/07/5afb9801d442748d38b670ab44221bbf5e32adb09cfa1e48a1d0b69270bf/libtorrent-2.0.13-cp312-cp312-musllinux_1_2_x86_64.whl", hash = "sha256:665d60a4adba32dd67a96a46e3697240bf86edeb59b9f2b5fd0db3f648461b9c", size = 12203201, upload-time = "2026-06-08T21:16:45.097Z" },
    { url = "https://files.pythonhosted.org/packages/0e/00/418807419112edd8d634059ee84efa2ada49104b85077e3e71642f0ab6c4/libtorrent-2.0.13-cp312-cp312-win32.whl", hash = "sha256:84e8995bd6fd4c016c2d635592123e5979547116d894ff90bf5068f3fe86ffb5", size = 3382589, upload-time = "2026-06-08T21:16:47.379Z" },
    { url = "https://files.pythonhosted.org/packages/10/e9/135a28db88754fae39fb02827c99fc425b6d9259bd4e05a6b91163dc9445/libtorrent-2.0.13-cp312-cp312-win_amd64.whl", hash = "sha256:a2478acbd2b64ebf42e1edbc948e6d91ff13dfca62b1717ca7521ae41a185715", size = 3993340, upload-time = "2026-06-08T21:16:48.699Z" },
    { url = "https://files.pythonhosted.org/packages/bc/cb/6630fb8a34462ffc77cb690bacecfcbf880bbfd5e09f13df7ee2b6f39330/libtorrent-2.0.13-cp313-cp313-macosx_14_0_arm64.whl", hash = "sha256:8e66ac201d827c926b5ec482b3dd0b66c39f065d80548365b0b9ac26f011231f", size = 5873816, upload-time = "2026-06-08T21:16:50.362Z" },
    { url = "https://files.pythonhosted.org/packages/a1/ea/03540b4ed91b6600c04914576c3663d73a6f938e19a91097555e823d1e0c/libtorrent-2.0.13-cp313-cp313-macosx_15_0_arm64.whl", hash = "sha256:46094d20d0305f22dadf2aaee58c29f3d3c06200eab97181402857e4bd7892de", size = 5855808, upload-time = "2026-06-08T21:16:52.022Z" },
    { url = "https://files.pythonhosted.org/packages/01/30/09da8fc264092173ed2db2989c5b84d64b5a1c2855c2326112c9806f3634/libtorrent-2.0.13-cp313-cp313-macosx_15_0_x86_64.whl", hash = "sha256:d236364f6cdd563a95d32c630437e07446fddc139632f7fc63785ab1d970d813", size = 5764483, upload-time = "2026-06-08T21:16:53.509Z" },
    { url = "https://files.pythonhosted.org/packages/5e/ea/a1727b6a3651a1e1b5eca4408ca1a4869588f40f17b15b826841497d4f7f/libtorrent-2.0.13-cp313-cp313-manylinux_2_17_aarch64.manylinux2014_aarch64.whl", hash = "sha256:065e36d476e3dc8df7680205f4134cbcd02bb00da48439ccd0023e19371a4983", size = 6502511, upload-time = "2026-06-08T21:16:55.807Z" },
    { url = "https://files.pythonhosted.org/packages/ed/7e/b6a3cf2ffa14b50d1642dfa0300ec3171f5aeca207e30e37a69c987029d5/libtorrent-2.0.13-cp313-cp313-manylinux_2_17_x86_64.manylinux2014_x86_64.whl", hash = "sha256:9f94b00d2b8da2c32f719d2c4ac191403c6b8bb7af150e2d9506f68534c40477", size = 6251752, upload-time = "2026-06-08T21:16:57.319Z" },
    { url = "https://files.pythonhosted.org/packages/a2/57/839983500f0decab24724474822f77c177a30e44ebb8c6649d43a67373ad/libtorrent-2.0.13-cp313-cp313-musllinux_1_2_aarch64.whl", hash = "sha256:39a171c198c5fddd9124c3ca8a8e5deb843a3a092d24f5b8380cdf3453817a12", size = 12154441, upload-time = "2026-06-08T21:16:59.298Z" },
    { url = "https://files.pythonhosted.org/packages/45/c0/8ec1ab22404eaa6bfb215a952e808449431a6715f472e067d88638fdcc85/libtorrent-2.0.13-cp313-cp313-musllinux_1_2_x86_64.whl", hash = "sha256:375f93f66ca52fecf41da1815292ee29517fe814fd949c5e3bd908890891aeae", size = 12203139, upload-time = "2026-06-08T21:17:01.311Z" },
    { url = "https://files.pythonhosted.org/packages/a3/c1/981e8bcb8bd3fe1a60b6e27a304f0cfbe73ec03f47e4aaed9bbd4d2b9afe/libtorrent-2.0.13-cp313-cp313-win32.whl", hash = "sha256:31536eb8f5d7908922bbb1efa9684d2e21dd67eac1f06680b9c3967fa994ab56", size = 3382595, upload-time = "2026-06-08T21:17:03.137Z" },
    { url = "https://files.pythonhosted.org/packages/82/ed/7e4d78ba435efa41d050b4268a5fbe195c16e75bd9c29e50592ac3817f96/libtorrent-2.0.13-cp313-cp313-win_amd64.whl", hash = "sha256:73551473c0342de0b9f324dfeec6f731901cac31899d5bc331f7eac9f6cf0ba1", size = 3993352, upload-time = "2026-06-08T21:17:04.476Z" },
]

[[package]]
name = "macholib"
version = "1.16.4"
source = { registry = "https://pypi.org/simple" }
dependencies = [
    { name = "altgraph" },
]
sdist = { url = "https://files.pythonhosted.org/packages/10/2f/97589876ea967487978071c9042518d28b958d87b17dceb7cdc1d881f963/macholib-1.16.4.tar.gz", hash = "sha256:f408c93ab2e995cd2c46e34fe328b130404be143469e41bc366c807448979362", size = 59427, upload-time = "2025-11-22T08:28:38.373Z" }
wheels = [
    { url = "https://files.pythonhosted.org/packages/c7/d1/a9f36f8ecdf0fb7c9b1e78c8d7af12b8c8754e74851ac7b94a8305540fc7/macholib-1.16.4-py2.py3-none-any.whl", hash = "sha256:da1a3fa8266e30f0ce7e97c6a54eefaae8edd1e5f86f3eb8b95457cae90265ea", size = 38117, upload-time = "2025-11-22T08:28:36.939Z" },
]

[[package]]
name = "packaging"
version = "26.2"
source = { registry = "https://pypi.org/simple" }
sdist = { url = "https://files.pythonhosted.org/packages/d7/f1/e7a6dd94a8d4a5626c03e4e99c87f241ba9e350cd9e6d75123f992427270/packaging-26.2.tar.gz", hash = "sha256:ff452ff5a3e828ce110190feff1178bb1f2ea2281fa2075aadb987c2fb221661", size = 228134, upload-time = "2026-04-24T20:15:23.917Z" }
wheels = [
    { url = "https://files.pythonhosted.org/packages/df/b2/87e62e8c3e2f4b32e5fe99e0b86d576da1312593b39f47d8ceef365e95ed/packaging-26.2-py3-none-any.whl", hash = "sha256:5fc45236b9446107ff2415ce77c807cee2862cb6fac22b8a73826d0693b0980e", size = 100195, upload-time = "2026-04-24T20:15:22.081Z" },
]

[[package]]
name = "pefile"
version = "2024.8.26"
source = { registry = "https://pypi.org/simple" }
sdist = { url = "https://files.pythonhosted.org/packages/03/4f/2750f7f6f025a1507cd3b7218691671eecfd0bbebebe8b39aa0fe1d360b8/pefile-2024.8.26.tar.gz", hash = "sha256:3ff6c5d8b43e8c37bb6e6dd5085658d658a7a0bdcd20b6a07b1fcfc1c4e9d632", size = 76008, upload-time = "2024-08-26T20:58:38.155Z" }
wheels = [
    { url = "https://files.pythonhosted.org/packages/54/16/12b82f791c7f50ddec566873d5bdd245baa1491bac11d15ffb98aecc8f8b/pefile-2024.8.26-py3-none-any.whl", hash = "sha256:76f8b485dcd3b1bb8166f1128d395fa3d87af26360c2358fb75b80019b957c6f", size = 74766, upload-time = "2024-08-26T21:01:02.632Z" },
]

[[package]]
name = "pluggy"
version = "1.6.0"
source = { registry = "https://pypi.org/simple" }
sdist = { url = "https://files.pythonhosted.org/packages/f9/e2/3e91f31a7d2b083fe6ef3fa267035b518369d9511ffab804f839851d2779/pluggy-1.6.0.tar.gz", hash = "sha256:7dcc130b76258d33b90f61b658791dede3486c3e6bfb003ee5c9bfb396dd22f3", size = 69412, upload-time = "2025-05-15T12:30:07.975Z" }
wheels = [
    { url = "https://files.pythonhosted.org/packages/54/20/4d324d65cc6d9205fabedc306948156824eb9f0ee1633355a8f7ec5c66bf/pluggy-1.6.0-py3-none-any.whl", hash = "sha256:e920276dd6813095e9377c0bc5566d94c932c33b27a3e3945d8389c374dd4746", size = 20538, upload-time = "2025-05-15T12:30:06.134Z" },
]

[[package]]
name = "pygments"
version = "2.20.0"
source = { registry = "https://pypi.org/simple" }
sdist = { url = "https://files.pythonhosted.org/packages/c3/b2/bc9c9196916376152d655522fdcebac55e66de6603a76a02bca1b6414f6c/pygments-2.20.0.tar.gz", hash = "sha256:6757cd03768053ff99f3039c1a36d6c0aa0b263438fcab17520b30a303a82b5f", size = 4955991, upload-time = "2026-03-29T13:29:33.898Z" }
wheels = [
    { url = "https://files.pythonhosted.org/packages/f4/7e/a72dd26f3b0f4f2bf1dd8923c85f7ceb43172af56d63c7383eb62b332364/pygments-2.20.0-py3-none-any.whl", hash = "sha256:81a9e26dd42fd28a23a2d169d86d7ac03b46e2f8b59ed4698fb4785f946d0176", size = 1231151, upload-time = "2026-03-29T13:29:30.038Z" },
]

[[package]]
name = "pyinstaller"
version = "6.21.0"
source = { registry = "https://pypi.org/simple" }
dependencies = [
    { name = "altgraph" },
    { name = "macholib", marker = "sys_platform == 'darwin'" },
    { name = "packaging" },
    { name = "pefile", marker = "sys_platform == 'win32'" },
    { name = "pyinstaller-hooks-contrib" },
    { name = "pywin32-ctypes", marker = "sys_platform == 'win32'" },
    { name = "setuptools" },
]
sdist = { url = "https://files.pythonhosted.org/packages/d5/4d/ec706c3fcf39e26888c35b39615ff4d5865d184069666c47492cff1fbe50/pyinstaller-6.21.0.tar.gz", hash = "sha256:bb9fab705983e393a2d1cac77d6972513057ad800215fd861dc15ff5272e98fd", size = 4061519, upload-time = "2026-06-13T14:15:06.25Z" }
wheels = [
    { url = "https://files.pythonhosted.org/packages/0c/4a/53cf98bf66daed012dc9cd78c8203f19a675d696f2fc12afcf8c5049a0e0/pyinstaller-6.21.0-py3-none-macosx_10_13_universal2.whl", hash = "sha256:327d132389f37912609e01be62810cf96b5aa95b613903e4b8692e0d12fb0eda", size = 1052350, upload-time = "2026-06-13T14:13:55.88Z" },
    { url = "https://files.pythonhosted.org/packages/30/83/b591295c352ef464c50b4c6ffff1c4f771d875c9e833f578d1b9f564f6b3/pyinstaller-6.21.0-py3-none-manylinux2014_aarch64.whl", hash = "sha256:7071d4b094d5b40deeef5fa3d3b98a1b846087f7562b49209663d5f9281fe251", size = 748477, upload-time = "2026-06-13T14:14:00.327Z" },
    { url = "https://files.pythonhosted.org/packages/3d/8f/88fff4e403873b1e22286911350e75ff00db014aa08e57045da9d4328993/pyinstaller-6.21.0-py3-none-manylinux2014_i686.whl", hash = "sha256:6b6374d652107dd4a2eeece903ff82bb4045bb5e1006c5a158a6dcdbefe84bf2", size = 760877, upload-time = "2026-06-13T14:14:04.836Z" },
    { url = "https://files.pythonhosted.org/packages/8a/13/f0e48fbdfd1d05d948157121cea8b1b823dcb89efe6934b71fdd8bdb3f0f/pyinstaller-6.21.0-py3-none-manylinux2014_ppc64le.whl", hash = "sha256:4e3108b3f02384560da70e39b8bf22b0ad597d02bd68a40d76ea91c1cfa00cad", size = 759194, upload-time = "2026-06-13T14:14:10.61Z" },
    { url = "https://files.pythonhosted.org/packages/dd/d5/ea7878cf9924ed30d946d8288777424e6d069d94f5bde56b4d0890069664/pyinstaller-6.21.0-py3-none-manylinux2014_s390x.whl", hash = "sha256:697532279f535ad572bda613db4f821540e235c7854ca6da4d3bf0373f4415ee", size = 754979, upload-time = "2026-06-13T14:14:15.226Z" },
    { url = "https://files.pythonhosted.org/packages/9f/09/51b8905714b733bac66dbc041a7821372d70d888d273ae474c4037d4202d/pyinstaller-6.21.0-py3-none-manylinux2014_x86_64.whl", hash = "sha256:605169523a6b5ace39f13dfbff21add9f2bc43df99c7daf9394fefb2c45e8b6f", size = 754812, upload-time = "2026-06-13T14:14:20.264Z" },
    { url = "https://files.pythonhosted.org/packages/4b/43/d77779439d8c6c2e27a77bcfbd1d5cc0f568ebb611bb472b11af81b5f177/pyinstaller-6.21.0-py3-none-musllinux_1_1_aarch64.whl", hash = "sha256:5fa56746c1e76f93634d018502301378a2d0c382553d37d8c3c34ff436c12dd1", size = 753887, upload-time = "2026-06-13T14:14:25.268Z" },
    { url = "https://files.pythonhosted.org/packages/51/8f/c22df1f6837784ac349057ba693f08e7b1ca7a0e06f9c33c63bc6280007b/pyinstaller-6.21.0-py3-none-musllinux_1_1_x86_64.whl", hash = "sha256:42395ec76df8e8120c36b13339d9db8cab83e316a12839ee303cc00fc941bb74", size = 753779, upload-time = "2026-06-13T14:14:29.445Z" },
    { url = "https://files.pythonhosted.org/packages/c9/76/1ce8a27ce62ba8cf3a87c9ce6d575610f4e55d7cb0123e7512fc3f4b921a/pyinstaller-6.21.0-py3-none-win32.whl", hash = "sha256:c6b28d30d8fd99ce162ff3aab5013ed44dbfb747566b1f01b9bed7964d7c14e9", size = 1336462, upload-time = "2026-06-13T14:14:35.785Z" },
    { url = "https://files.pythonhosted.org/packages/c1/fa/ca1d7e5257dd8566a9dfc0dfb02f8a8075eeb53d4b2d3c579f1276759042/pyinstaller-6.21.0-py3-none-win_amd64.whl", hash = "sha256:7fae06c494ce0ebfe6bd3055c0e409def884f63af2e3705d06bd431ad9237fc7", size = 1397487, upload-time = "2026-06-13T14:14:42.328Z" },
    { url = "https://files.pythonhosted.org/packages/dc/75/21b51523ce8d96629b71311775a0a65f5f5a872124ab0de33e5c848f8bff/pyinstaller-6.21.0-py3-none-win_arm64.whl", hash = "sha256:f13c95c9c03fb567217135919f93815c305813126780b0ed6e0123cb8acaf025", size = 1346094, upload-time = "2026-06-13T14:14:48.914Z" },
]

[[package]]
name = "pyinstaller-hooks-contrib"
version = "2026.6"
source = { registry = "https://pypi.org/simple" }
dependencies = [
    { name = "packaging" },
]
sdist = { url = "https://files.pythonhosted.org/packages/94/5b/c9fe0db5e83ee1c39b2258fa21d23b15e1a60786b6c5990ee5074ead8bb6/pyinstaller_hooks_contrib-2026.6.tar.gz", hash = "sha256:bef5002c32f4f50bd55b005da12cff64eca8783e7eaf86a06a62410164bab725", size = 173354, upload-time = "2026-06-08T22:37:16.152Z" }
wheels = [
    { url = "https://files.pythonhosted.org/packages/e7/31/f2d7343d8ed5f7c4678377886f6ce533e6eaaa131b252ce950114c2a7efa/pyinstaller_hooks_contrib-2026.6-py3-none-any.whl", hash = "sha256:fd13b8ac126b35361175edacd41a0d97080b75dd5f4b594ecefefff969509dd3", size = 457159, upload-time = "2026-06-08T22:37:14.722Z" },
]

[[package]]
name = "pyside6"
version = "6.9.3"
source = { registry = "https://pypi.org/simple" }
dependencies = [
    { name = "pyside6-addons" },
    { name = "pyside6-essentials" },
    { name = "shiboken6" },
]
wheels = [
    { url = "https://files.pythonhosted.org/packages/fe/15/1fa71e44d3b345b9eca82d38cf7e6d7505168b978fe98b3610c0e25d8c0e/pyside6-6.9.3-cp39-abi3-macosx_12_0_universal2.whl", hash = "sha256:6fd9fbbc14e2a5707df611bfacbf3f71283c637b8a29b28708801eeb28bfcb69", size = 554720, upload-time = "2025-09-30T12:02:07.235Z" },
    { url = "https://files.pythonhosted.org/packages/34/0e/1e9841cc46196c55ac3eac0b8e08044a88cc70c8cc29e9dc1e33b2ced2b7/pyside6-6.9.3-cp39-abi3-manylinux_2_28_x86_64.whl", hash = "sha256:6485aebec8eba4e55d1ec1cebe68ca1413589880cc8ccd8a49acae852ec6cfb3", size = 554849, upload-time = "2025-09-30T12:02:08.909Z" },
    { url = "https://files.pythonhosted.org/packages/3d/6b/6aeb7124a5c08ac537776d7d0be1011cf22ccfc6f95cf901fe1eb1a16e91/pyside6-6.9.3-cp39-abi3-manylinux_2_39_aarch64.whl", hash = "sha256:8f4ff61b24a64153373b68a96339bd765fc010d02c4d98d0f6dba2a6c9686e11", size = 554846, upload-time = "2025-09-30T12:02:10.762Z" },
    { url = "https://files.pythonhosted.org/packages/6e/29/4eb0ab29ee7d60da4c5fefdb514c22ae3c91c3f855f46608cfbe23816518/pyside6-6.9.3-cp39-abi3-win_amd64.whl", hash = "sha256:71b41b9ebd1c044c3777f2b32278d3919f07bda4f15c504bc165b643bc3cec01", size = 561082, upload-time = "2025-09-30T12:02:12.411Z" },
    { url = "https://files.pythonhosted.org/packages/3f/c2/b936d50974a14846ccb883cbce0034ec431e1013af7f2aa29d3746a1565f/pyside6-6.9.3-cp39-abi3-win_arm64.whl", hash = "sha256:33fb70addd02e1adaa45573485c431bca43cf12bb7b2596535b824ff169138ce", size = 545910, upload-time = "2025-09-30T12:02:13.746Z" },
]

[[package]]
name = "pyside6-addons"
version = "6.9.3"
source = { registry = "https://pypi.org/simple" }
dependencies = [
    { name = "pyside6-essentials" },
    { name = "shiboken6" },
]
wheels = [
    { url = "https://files.pythonhosted.org/packages/23/56/714c55e4514ec6603be8126355baf416e507557a73e7fc76870e6f5c20b9/pyside6_addons-6.9.3-cp39-abi3-macosx_12_0_universal2.whl", hash = "sha256:189c9a9a2fdaffa95e91731f5c0afdc47ba231f5f683d3f8977b22c233749ba4", size = 316906068, upload-time = "2025-09-30T12:03:28.268Z" },
    { url = "https://files.pythonhosted.org/packages/17/fe/d5c67665f866b8859d02aa1a859f101a1b2fd348cb61746a3e16fd98fb20/pyside6_addons-6.9.3-cp39-abi3-manylinux_2_28_x86_64.whl", hash = "sha256:68932327e1c33d729d79b2b94242f97b77601efe0427e757cd3fd588939ea479", size = 167175405, upload-time = "2025-09-30T12:04:11.793Z" },
    { url = "https://files.pythonhosted.org/packages/66/f2/66da0d8ba8e4eb934d2bb042f2199664d2366c121844e36376f724b53fd9/pyside6_addons-6.9.3-cp39-abi3-manylinux_2_39_aarch64.whl", hash = "sha256:61f4f4859bd1711eea2202fe364a701597140ed4f3900ddf1f90d91ae631fdf9", size = 163102125, upload-time = "2025-09-30T12:04:55.193Z" },
    { url = "https://files.pythonhosted.org/packages/d7/fb/849599666942ce35e9f250bce1abc7b1248eccdcbe8b3fe697a0f98a1326/pyside6_addons-6.9.3-cp39-abi3-win_amd64.whl", hash = "sha256:0aece2a81ccf16ef9b750b09601b6876aa116bbc700e848ce82df42906f04c5c", size = 160681555, upload-time = "2025-09-30T12:05:36.44Z" },
    { url = "https://files.pythonhosted.org/packages/b1/2d/e71face0149519d6ded4e77b5c5e266c094ce5ef8c5c96c2af2f0afadf3c/pyside6_addons-6.9.3-cp39-abi3-win_arm64.whl", hash = "sha256:3b8749c9c2b297f53c980192e89ce38ac59019f290a2669fe1abb3128f9a09d9", size = 33759045, upload-time = "2025-09-30T12:05:48.373Z" },
]

[[package]]
name = "pyside6-essentials"
version = "6.9.3"
source = { registry = "https://pypi.org/simple" }
dependencies = [
    { name = "shiboken6" },
]
wheels = [
    { url = "https://files.pythonhosted.org/packages/80/a9/51549844900837c70e5c89cbd840956c2533732ef4f05c2b656e35ca8182/pyside6_essentials-6.9.3-cp39-abi3-macosx_12_0_universal2.whl", hash = "sha256:ad3664ff0ced9f92ed7872e512c86328894d29f262e6c3400400232a36dda357", size = 134586559, upload-time = "2025-09-30T12:06:22.681Z" },
    { url = "https://files.pythonhosted.org/packages/85/e8/9396cf11a60f80175bb3c5c1d498d84e87b7af653ab4ea001acf821a3981/pyside6_essentials-6.9.3-cp39-abi3-manylinux_2_28_x86_64.whl", hash = "sha256:c70d5544e892b201a677b615156fab6a0fef865e7fc287f55a0eae00a682e83f", size = 97495307, upload-time = "2025-09-30T12:06:49.213Z" },
    { url = "https://files.pythonhosted.org/packages/57/a5/0187b2845a6fa534217988f9351c0b85ba1c04e8fd31f1e3c13ba1c4386e/pyside6_essentials-6.9.3-cp39-abi3-manylinux_2_39_aarch64.whl", hash = "sha256:e22e517c592657e291c0cbe7d04078ab415cb225188d7e895f8f7adcdba755d2", size = 95199568, upload-time = "2025-09-30T12:07:13.726Z" },
    { url = "https://files.pythonhosted.org/packages/a0/52/b558c79bc32310361a37d1e894c2251a3557daec380be5f6d2a9223e8ef3/pyside6_essentials-6.9.3-cp39-abi3-win_amd64.whl", hash = "sha256:21f98077c135864473089e59a6a0bd828e64c6644b3dd7267b102da4a2ee8f21", size = 73593457, upload-time = "2025-09-30T12:07:33.98Z" },
    { url = "https://files.pythonhosted.org/packages/d2/22/4ec828f6360e6e9bcd6fde2dec20fa4865fe1a77cb6bac6812f7d0aa55b3/pyside6_essentials-6.9.3-cp39-abi3-win_arm64.whl", hash = "sha256:2e34081933e005686d79265cc04370a28fea3844ab63d432e493adcd4465070c", size = 54301788, upload-time = "2025-09-30T12:07:49.504Z" },
]

[[package]]
name = "pytest"
version = "9.1.1"
source = { registry = "https://pypi.org/simple" }
dependencies = [
    { name = "colorama", marker = "sys_platform == 'win32'" },
    { name = "iniconfig" },
    { name = "packaging" },
    { name = "pluggy" },
    { name = "pygments" },
]
sdist = { url = "https://files.pythonhosted.org/packages/e4/47/b9efed96c114afcfa3c9d3fe98a76a1d14c74a9e266d397cf6eb64be5e01/pytest-9.1.1.tar.gz", hash = "sha256:1088fbde8f2b49d95a549a195707afa7a76a3ce9bcadc26b6d71f0ffda5fe313", size = 1636369, upload-time = "2026-06-19T10:58:32.857Z" }
wheels = [
    { url = "https://files.pythonhosted.org/packages/24/25/1de2678b631f5a49215c6c96fff41ba892b0a34df68d6d80292b1b48aa7f/pytest-9.1.1-py3-none-any.whl", hash = "sha256:37a86b45efb9a47a61a36449063e8e18d0cab3161329fc099eb21783169c4f0c", size = 386536, upload-time = "2026-06-19T10:58:31.347Z" },
]

[[package]]
name = "pytest-qt"
version = "4.5.0"
source = { registry = "https://pypi.org/simple" }
dependencies = [
    { name = "pluggy" },
    { name = "pytest" },
    { name = "typing-extensions" },
]
sdist = { url = "https://files.pythonhosted.org/packages/d3/61/8bdec02663c18bf5016709b909411dce04a868710477dc9b9844ffcf8dd2/pytest_qt-4.5.0.tar.gz", hash = "sha256:51620e01c488f065d2036425cbc1cbcf8a6972295105fd285321eb47e66a319f", size = 128702, upload-time = "2025-07-01T17:24:39.889Z" }
wheels = [
    { url = "https://files.pythonhosted.org/packages/cc/d0/8339b888ad64a3d4e508fed8245a402b503846e1972c10ad60955883dcbb/pytest_qt-4.5.0-py3-none-any.whl", hash = "sha256:ed21ea9b861247f7d18090a26bfbda8fb51d7a8a7b6f776157426ff2ccf26eff", size = 37214, upload-time = "2025-07-01T17:24:38.226Z" },
]

[[package]]
name = "pytorrent-desktop"
version = "0.2.0"
source = { editable = "." }
dependencies = [
    { name = "libtorrent" },
    { name = "pyside6" },
]

[package.optional-dependencies]
build = [
    { name = "pyinstaller" },
]
dev = [
    { name = "pytest" },
    { name = "pytest-qt" },
    { name = "ruff" },
]

[package.metadata]
requires-dist = [
    { name = "libtorrent", specifier = "==2.0.13" },
    { name = "pyinstaller", marker = "extra == 'build'", specifier = ">=6.6" },
    { name = "pyside6", specifier = ">=6.7,<6.10" },
    { name = "pytest", marker = "extra == 'dev'", specifier = ">=8" },
    { name = "pytest-qt", marker = "extra == 'dev'", specifier = ">=4.4" },
    { name = "ruff", marker = "extra == 'dev'", specifier = ">=0.6" },
]
provides-extras = ["dev", "build"]

[[package]]
name = "pywin32-ctypes"
version = "0.2.3"
source = { registry = "https://pypi.org/simple" }
sdist = { url = "https://files.pythonhosted.org/packages/85/9f/01a1a99704853cb63f253eea009390c88e7131c67e66a0a02099a8c917cb/pywin32-ctypes-0.2.3.tar.gz", hash = "sha256:d162dc04946d704503b2edc4d55f3dba5c1d539ead017afa00142c38b9885755", size = 29471, upload-time = "2024-08-14T10:15:34.626Z" }
wheels = [
    { url = "https://files.pythonhosted.org/packages/de/3d/8161f7711c017e01ac9f008dfddd9410dff3674334c233bde66e7ba65bbf/pywin32_ctypes-0.2.3-py3-none-any.whl", hash = "sha256:8a1513379d709975552d202d942d9837758905c8d01eb82b8bcc30918929e7b8", size = 30756, upload-time = "2024-08-14T10:15:33.187Z" },
]

[[package]]
name = "ruff"
version = "0.15.20"
source = { registry = "https://pypi.org/simple" }
sdist = { url = "https://files.pythonhosted.org/packages/43/dc/35b341fc554ba02f217fc10da57d1a75168cfbcf75b0ef2202176d4c4f2d/ruff-0.15.20.tar.gz", hash = "sha256:1416eb04349192646b54de98f146c4f59afe37d0decfc02c3cbbf396f3a28566", size = 4755489, upload-time = "2026-06-25T17:20:37.578Z" }
wheels = [
    { url = "https://files.pythonhosted.org/packages/94/d9/2d5014f0253ba541d2061d9fa7193f48e941c8b21bb88a7ff9bbe0bd0596/ruff-0.15.20-py3-none-linux_armv6l.whl", hash = "sha256:00e188c53e499c3c1637f73c91dcf2fb56d576cab76ce1be50a27c4e80e37078", size = 10839665, upload-time = "2026-06-25T17:19:44.702Z" },
    { url = "https://files.pythonhosted.org/packages/c6/d3/ac1798ba64f670698867fcfc591d50e7e421bef137db564858f619a30fcf/ruff-0.15.20-py3-none-macosx_10_12_x86_64.whl", hash = "sha256:9ebd1fd9b9c95fc0bd7b2761aebec1f030013d2e193a2901b224af68fe47251b", size = 11208649, upload-time = "2026-06-25T17:19:48.787Z" },
    { url = "https://files.pythonhosted.org/packages/47/47/d3ac899991202095dfcf3d5176be4272642be3cf981a2f1a30f72a2afb95/ruff-0.15.20-py3-none-macosx_11_0_arm64.whl", hash = "sha256:c5b16cdd67ca108185cd36dce98c576350c03b1660a751de725fb049193a0632", size = 10622638, upload-time = "2026-06-25T17:19:51.354Z" },
    { url = "https://files.pythonhosted.org/packages/33/13/4e043fe30aa94d4ff5213a9881fc296d12960f5971b234a5263fdc225312/ruff-0.15.20-py3-none-manylinux_2_17_aarch64.manylinux2014_aarch64.whl", hash = "sha256:3413bb3c3d2ca6a8208f1f4809cd2dca3c6de6d0b491c0e70847672bde6e6efd", size = 10984227, upload-time = "2026-06-25T17:19:54.044Z" },
    { url = "https://files.pythonhosted.org/packages/76/e6/92e7bf40388bc5800073b96564f56264f7e48bfd1a498f5ced6ae6d5a769/ruff-0.15.20-py3-none-manylinux_2_17_armv7l.manylinux2014_armv7l.whl", hash = "sha256:bd7ec42b3bb3da066488db093308a69c4ac5ee6d2af333a86ba6e2eb2e7dd44b", size = 10622882, upload-time = "2026-06-25T17:19:57.037Z" },
    { url = "https://files.pythonhosted.org/packages/13/7a/43460be3f24495a3aa46d4b16873e2c4941b3b5f0b00cf88c03b7b94b339/ruff-0.15.20-py3-none-manylinux_2_17_i686.manylinux2014_i686.whl", hash = "sha256:e1a36ad0eb77fba9aabfb69ede54de6f376d04ac18ebea022847046d340a8267", size = 11474808, upload-time = "2026-06-25T17:20:00.357Z" },
    { url = "https://files.pythonhosted.org/packages/27/a0/f37077884873221c6b33b4ab49eb18f9f88e54a16a25a5bca59bef46dd66/ruff-0.15.20-py3-none-manylinux_2_17_ppc64le.manylinux2014_ppc64le.whl", hash = "sha256:b6df3b1e4610432f0386dba04d853b5f08cbbc903410c6fcc02f620f05aff53c", size = 12293094, upload-time = "2026-06-25T17:20:03.446Z" },
    { url = "https://files.pythonhosted.org/packages/a6/74/165545b60256a9704c21ac0ec4a0d07933b320812f9584836c9f4aca4292/ruff-0.15.20-py3-none-manylinux_2_17_s390x.manylinux2014_s390x.whl", hash = "sha256:e89f198a1ea6ef0d727c1cf16088bc91a6cb0ab947dedc966715691647186eae", size = 11526176, upload-time = "2026-06-25T17:20:06.301Z" },
    { url = "https://files.pythonhosted.org/packages/86/b1/a976a136d40ade83ce743578399865f57001003a409acadc0ecbb3051082/ruff-0.15.20-py3-none-manylinux_2_17_x86_64.manylinux2014_x86_64.whl", hash = "sha256:309809086c2acb67624950a3c8133e80f32d0d3e27106c0cd60ff26657c9f24b", size = 11520767, upload-time = "2026-06-25T17:20:09.191Z" },
    { url = "https://files.pythonhosted.org/packages/19/0f/f032696cb01c9b54c0263fa393474d7758f1cdc021a01b04e3cbc2500999/ruff-0.15.20-py3-none-manylinux_2_31_riscv64.whl", hash = "sha256:2d2374caa2f2c2f9e2b7da0a50802cfb8b79f55a9b5e49379f564544fbf56487", size = 11500132, upload-time = "2026-06-25T17:20:13.602Z" },
    { url = "https://files.pythonhosted.org/packages/4b/f4/51b1a14bc69e8c224b15dab9cce8e99b425e0455d462caa2b3c9be2b6a8e/ruff-0.15.20-py3-none-musllinux_1_2_aarch64.whl", hash = "sha256:a1ed17b65293e0c2f22fc387bc13198a5de94bf4429589b0ff6946b0feaf21a3", size = 10943828, upload-time = "2026-06-25T17:20:16.635Z" },
    { url = "https://files.pythonhosted.org/packages/71/4b/fe267640783cd02bf6c5cc290b1df1051be2ec294c678b5c15fe19e52343/ruff-0.15.20-py3-none-musllinux_1_2_armv7l.whl", hash = "sha256:f701305e66b38ea6c91882490eb73459796808e4c6362a1b765255e0cdcd4053", size = 10645418, upload-time = "2026-06-25T17:20:19.4Z" },
    { url = "https://files.pythonhosted.org/packages/b0/c0/a65aa4ec2f5e87a1df32dc3ec1fede434fe3dfd5cbcf3b503cafc676ab54/ruff-0.15.20-py3-none-musllinux_1_2_i686.whl", hash = "sha256:5b9c0c367ad8e5d0d5b5b8537864c469a0a0e55417aadfbeca41fa61333be9f4", size = 11211770, upload-time = "2026-06-25T17:20:22.033Z" },
    { url = "https://files.pythonhosted.org/packages/5a/a4/0caa331d954ae2723d729d351c989cb4ca8b6077d5c6c2cb6de75e98c041/ruff-0.15.20-py3-none-musllinux_1_2_x86_64.whl", hash = "sha256:01cc00dd58f0df339d0e902219dd53990ea99996a0344e5d9cc8d45d5307e460", size = 11618698, upload-time = "2026-06-25T17:20:25.259Z" },
    { url = "https://files.pythonhosted.org/packages/10/9b/5f14927848d2fd4aa891fd88d883788c5a7baba561c7874732364045708c/ruff-0.15.20-py3-none-win32.whl", hash = "sha256:ed65ef510e43a137207e0f01cfcf998aeddb1aeeda5c9d35023e910284d7cf21", size = 10857322, upload-time = "2026-06-25T17:20:28.612Z" },
    { url = "https://files.pythonhosted.org/packages/fa/f0/fe47c501f9dea92a26d788ff98bb5d92ed4cb4c88792c5c88af6b697dc8e/ruff-0.15.20-py3-none-win_amd64.whl", hash = "sha256:a525c81c70fb0380344dd1d8745d8cc1c890b7fc94a58d5a07bd8eb9557b8415", size = 11993274, upload-time = "2026-06-25T17:20:31.871Z" },
    { url = "https://files.pythonhosted.org/packages/d7/2b/9555445e1201d92b3195f45cdb153a0b68f24e0a4273f6e3d5ab46e212bb/ruff-0.15.20-py3-none-win_arm64.whl", hash = "sha256:2f5b2a6d614e8700388806a14996c40fab2c47b819ef57d790a34878858ed9ca", size = 11343498, upload-time = "2026-06-25T17:20:35.03Z" },
]

[[package]]
name = "setuptools"
version = "82.0.1"
source = { registry = "https://pypi.org/simple" }
sdist = { url = "https://files.pythonhosted.org/packages/4f/db/cfac1baf10650ab4d1c111714410d2fbb77ac5a616db26775db562c8fab2/setuptools-82.0.1.tar.gz", hash = "sha256:7d872682c5d01cfde07da7bccc7b65469d3dca203318515ada1de5eda35efbf9", size = 1152316, upload-time = "2026-03-09T12:47:17.221Z" }
wheels = [
    { url = "https://files.pythonhosted.org/packages/9d/76/f789f7a86709c6b087c5a2f52f911838cad707cc613162401badc665acfe/setuptools-82.0.1-py3-none-any.whl", hash = "sha256:a59e362652f08dcd477c78bb6e7bd9d80a7995bc73ce773050228a348ce2e5bb", size = 1006223, upload-time = "2026-03-09T12:47:15.026Z" },
]

[[package]]
name = "shiboken6"
version = "6.9.3"
source = { registry = "https://pypi.org/simple" }
wheels = [
    { url = "https://files.pythonhosted.org/packages/6b/ed/eac552326349629f8c3a89b57a754a860d9665aea78c172777395905d36b/shiboken6-6.9.3-cp39-abi3-macosx_12_0_universal2.whl", hash = "sha256:e9b240828790b8e21a50e66449a5aa8b99f9b8a538c80c1a325fa04f8364985e", size = 400999, upload-time = "2025-09-30T12:00:08.123Z" },
    { url = "https://files.pythonhosted.org/packages/be/82/c1c6932f9849bc5e75c93c38a29419505a6e3e0037261e28f3e7ecbf2751/shiboken6-6.9.3-cp39-abi3-manylinux_2_28_x86_64.whl", hash = "sha256:f3f5337a3a8fc660ba1462265bd9a2bdda9588f8d90fbc3d5ac4ce3134c11e59", size = 204927, upload-time = "2025-09-30T12:00:10.334Z" },
    { url = "https://files.pythonhosted.org/packages/4a/fc/026f4c8660494e513fd8c6d95d4d694d490795c6880f1fd23ec996a83e13/shiboken6-6.9.3-cp39-abi3-manylinux_2_39_aarch64.whl", hash = "sha256:f66e82510e3a3170a42e3ef865329559b69811ce83102ad1ee57920319427c10", size = 200684, upload-time = "2025-09-30T12:00:11.967Z" },
    { url = "https://files.pythonhosted.org/packages/50/be/f6bb3fc89623dd01ac67cd6be357e585ea5081536b275008b6c8d6fa7c28/shiboken6-6.9.3-cp39-abi3-win_amd64.whl", hash = "sha256:f1498176d2d5bcade7d662e1fc5143980fb008b6c78b966289d29a4ae86cd0c6", size = 1166242, upload-time = "2025-09-30T12:00:13.447Z" },
    { url = "https://files.pythonhosted.org/packages/c1/66/097a5f80ed1058071466c8c4fd72f94886851f6e03028f980ef0c42a7b54/shiboken6-6.9.3-cp39-abi3-win_arm64.whl", hash = "sha256:0c87bcfd483a1980794e03cf5ec6b2061691a1b075f92b78edb0d13847139ecf", size = 1727949, upload-time = "2025-09-30T12:00:15.23Z" },
]

[[package]]
name = "typing-extensions"
version = "4.16.0"
source = { registry = "https://pypi.org/simple" }
sdist = { url = "https://files.pythonhosted.org/packages/f6/cc/6253133b5bb138fc3306cebfbda2c520f545d36b5be2c7255cc528bb45d6/typing_extensions-4.16.0.tar.gz", hash = "sha256:dc983d19a509c94dba722ee6abd33940f7c05a89e243c47e907eb4db6f1a43e5", size = 113555, upload-time = "2026-07-02T08:40:05.92Z" }
wheels = [
    { url = "https://files.pythonhosted.org/packages/49/d3/b8441a820a491ddfc024b0b0cf0393375b75ea13866d9c66727e54c2fc80/typing_extensions-4.16.0-py3-none-any.whl", hash = "sha256:481caa481374e813c1b176ada14e97f1f67a4539ce9cfeb3f350d78d6370c2e8", size = 45571, upload-time = "2026-07-02T08:40:04.659Z" },
]
